// !$*UTF8*$!
{
	archiveVersion = 1;
	classes = {
	};
	objectVersion = 46;
	objects = {

/* Begin PBXBuildFile section */
		3C814FB11B85CA5500E30055 /* MapKit.framework in Frameworks */ = {isa = PBXBuildFile; fileRef = 3C814FB01B85CA5500E30055 /* MapKit.framework */; };
		3C814FB51B85CB4E00E30055 /* MapViewController.m in Sources */ = {isa = PBXBuildFile; fileRef = 3C814FB41B85CB4E00E30055 /* MapViewController.m */; };
		3C814FB81B85CBE800E30055 /* LocationMapView.m in Sources */ = {isa = PBXBuildFile; fileRef = 3C814FB71B85CBE800E30055 /* LocationMapView.m */; };
		3CD74FAB1B85BA4000FE5705 /* main.m in Sources */ = {isa = PBXBuildFile; fileRef = 3CD74FAA1B85BA4000FE5705 /* main.m */; };
		3CD74FAE1B85BA4000FE5705 /* AppDelegate.m in Sources */ = {isa = PBXBuildFile; fileRef = 3CD74FAD1B85BA4000FE5705 /* AppDelegate.m */; };
		3CD74FB41B85BA4000FE5705 /* Main.storyboard in Resources */ = {isa = PBXBuildFile; fileRef = 3CD74FB21B85BA4000FE5705 /* Main.storyboard */; };
		3CD74FB61B85BA4000FE5705 /* Images.xcassets in Resources */ = {isa = PBXBuildFile; fileRef = 3CD74FB51B85BA4000FE5705 /* Images.xcassets */; };
		3CD74FB91B85BA4000FE5705 /* LaunchScreen.xib in Resources */ = {isa = PBXBuildFile; fileRef = 3CD74FB71B85BA4000FE5705 /* LaunchScreen.xib */; };
		3CD74FC51B85BA4000FE5705 /* in_chinaTests.m in Sources */ = {isa = PBXBuildFile; fileRef = 3CD74FC41B85BA4000FE5705 /* in_chinaTests.m */; };
		6EB10E0591EC096187303359 /* Pods.framework in Frameworks */ = {isa = PBXBuildFile; fileRef = 1AE9FE3159E536A61F8A18B6 /* Pods.framework */; settings = {ATTRIBUTES = (Weak, ); }; };
/* End PBXBuildFile section */

/* Begin PBXContainerItemProxy section */
		3CD74FBF1B85BA4000FE5705 /* PBXContainerItemProxy */ = {
			isa = PBXContainerItemProxy;
			containerPortal = 3CD74F9D1B85BA4000FE5705 /* Project object */;
			proxyType = 1;
			remoteGlobalIDString = 3CD74FA41B85BA4000FE5705;
			remoteInfo = "in-china";
		};
/* End PBXContainerItemProxy section */

/* Begin PBXFileReference section */
		1AE9FE3159E536A61F8A18B6 /* Pods.framework */ = {isa = PBXFileReference; explicitFileType = wrapper.framework; includeInIndex = 0; path = Pods.framework; sourceTree = BUILT_PRODUCTS_DIR; };
		3C814FAE1B85BF5900E30055 /* HelpersMacro.h */ = {isa = PBXFileReference; lastKnownFileType = sourcecode.c.h; path = HelpersMacro.h; sourceTree = "<group>"; };
		3C814FAF1B85BFA700E30055 /* ConstantMacro.h */ = {isa = PBXFileReference; lastKnownFileType = sourcecode.c.h; path = ConstantMacro.h; sourceTree = "<group>"; };
		3C814FB01B85CA5500E30055 /* MapKit.framework */ = {isa = PBXFileReference; lastKnownFileType = wrapper.framework; name = MapKit.framework; path = System/Library/Frameworks/MapKit.framework; sourceTree = SDKROOT; };
		3C814FB31B85CB4E00E30055 /* MapViewController.h */ = {isa = PBXFileReference; fileEncoding = 4; lastKnownFileType = sourcecode.c.h; path = MapViewController.h; sourceTree = "<group>"; };
		3C814FB41B85CB4E00E30055 /* MapViewController.m */ = {isa = PBXFileReference; fileEncoding = 4; lastKnownFileType = sourcecode.c.objc; path = MapViewController.m; sourceTree = "<group>"; };
		3C814FB61B85CBE800E30055 /* LocationMapView.h */ = {isa = PBXFileReference; fileEncoding = 4; lastKnownFileType = sourcecode.c.h; path = LocationMapView.h; sourceTree = "<group>"; };
		3C814FB71B85CBE800E30055 /* LocationMapView.m */ = {isa = PBXFileReference; fileEncoding = 4; lastKnownFileType = sourcecode.c.objc; path = LocationMapView.m; sourceTree = "<group>"; };
		3CD74FA51B85BA4000FE5705 /* in-china.app */ = {isa = PBXFileReference; explicitFileType = wrapper.application; includeInIndex = 0; path = "in-china.app"; sourceTree = BUILT_PRODUCTS_DIR; };
		3CD74FA91B85BA4000FE5705 /* Info.plist */ = {isa = PBXFileReference; lastKnownFileType = text.plist.xml; path = Info.plist; sourceTree = "<group>"; };
		3CD74FAA1B85BA4000FE5705 /* main.m */ = {isa = PBXFileReference; lastKnownFileType = sourcecode.c.objc; path = main.m; sourceTree = "<group>"; };
		3CD74FAC1B85BA4000FE5705 /* AppDelegate.h */ = {isa = PBXFileReference; lastKnownFileType = sourcecode.c.h; path = AppDelegate.h; sourceTree = "<group>"; };
		3CD74FAD1B85BA4000FE5705 /* AppDelegate.m */ = {isa = PBXFileReference; lastKnownFileType = sourcecode.c.objc; path = AppDelegate.m; sourceTree = "<group>"; };
		3CD74FB31B85BA4000FE5705 /* Base */ = {isa = PBXFileReference; lastKnownFileType = file.storyboard; name = Base; path = Base.lproj/Main.storyboard; sourceTree = "<group>"; };
		3CD74FB51B85BA4000FE5705 /* Images.xcassets */ = {isa = PBXFileReference; lastKnownFileType = folder.assetcatalog; path = Images.xcassets; sourceTree = "<group>"; };
		3CD74FB81B85BA4000FE5705 /* Base */ = {isa = PBXFileReference; lastKnownFileType = file.xib; name = Base; path = Base.lproj/LaunchScreen.xib; sourceTree = "<group>"; };
		3CD74FBE1B85BA4000FE5705 /* in-chinaTests.xctest */ = {isa = PBXFileReference; explicitFileType = wrapper.cfbundle; includeInIndex = 0; path = "in-chinaTests.xctest"; sourceTree = BUILT_PRODUCTS_DIR; };
		3CD74FC31B85BA4000FE5705 /* Info.plist */ = {isa = PBXFileReference; lastKnownFileType = text.plist.xml; path = Info.plist; sourceTree = "<group>"; };
		3CD74FC41B85BA4000FE5705 /* in_chinaTests.m */ = {isa = PBXFileReference; lastKnownFileType = sourcecode.c.objc; path = in_chinaTests.m; sourceTree = "<group>"; };
		50BB9084B0A64226A225F8DA /* Pods.release.xcconfig */ = {isa = PBXFileReference; includeInIndex = 1; lastKnownFileType = text.xcconfig; name = Pods.release.xcconfig; path = "Pods/Target Support Files/Pods/Pods.release.xcconfig"; sourceTree = "<group>"; };
		DAB264BFDF12473016B9A321 /* Pods.debug.xcconfig */ = {isa = PBXFileReference; includeInIndex = 1; lastKnownFileType = text.xcconfig; name = Pods.debug.xcconfig; path = "Pods/Target Support Files/Pods/Pods.debug.xcconfig"; sourceTree = "<group>"; };
/* End PBXFileReference section */

/* Begin PBXFrameworksBuildPhase section */
		3CD74FA21B85BA4000FE5705 /* Frameworks */ = {
			isa = PBXFrameworksBuildPhase;
			buildActionMask = 2147483647;
			files = (
				3C814FB11B85CA5500E30055 /* MapKit.framework in Frameworks */,
				6EB10E0591EC096187303359 /* Pods.framework in Frameworks */,
			);
			runOnlyForDeploymentPostprocessing = 0;
		};
		3CD74FBB1B85BA4000FE5705 /* Frameworks */ = {
			isa = PBXFrameworksBuildPhase;
			buildActionMask = 2147483647;
			files = (
			);
			runOnlyForDeploymentPostprocessing = 0;
		};
/* End PBXFrameworksBuildPhase section */

/* Begin PBXGroup section */
		3C814FAA1B85BEA500E30055 /* macro */ = {
			isa = PBXGroup;
			children = (
				3C814FAE1B85BF5900E30055 /* HelpersMacro.h */,
				3C814FAF1B85BFA700E30055 /* ConstantMacro.h */,
			);
			path = macro;
			sourceTree = "<group>";
		};
		3C814FAB1B85BEA500E30055 /* models */ = {
			isa = PBXGroup;
			children = (
			);
			path = models;
			sourceTree = "<group>";
		};
		3C814FAC1B85BEA500E30055 /* views */ = {
			isa = PBXGroup;
			children = (
				3C814FB61B85CBE800E30055 /* LocationMapView.h */,
				3C814FB71B85CBE800E30055 /* LocationMapView.m */,
			);
			path = views;
			sourceTree = "<group>";
		};
		3C814FB21B85CAF200E30055 /* controllers */ = {
			isa = PBXGroup;
			children = (
				3C814FB31B85CB4E00E30055 /* MapViewController.h */,
				3C814FB41B85CB4E00E30055 /* MapViewController.m */,
			);
			path = controllers;
			sourceTree = "<group>";
		};
		3CD74F9C1B85BA4000FE5705 = {
			isa = PBXGroup;
			children = (
				3CD74FA71B85BA4000FE5705 /* in-china */,
				3CD74FC11B85BA4000FE5705 /* in-chinaTests */,
				3CD74FA61B85BA4000FE5705 /* Products */,
				998A19365DBD7CA3EBF8704B /* Pods */,
				4346369EDC7725BD1676E6AA /* Frameworks */,
			);
			sourceTree = "<group>";
		};
		3CD74FA61B85BA4000FE5705 /* Products */ = {
			isa = PBXGroup;
			children = (
				3CD74FA51B85BA4000FE5705 /* in-china.app */,
				3CD74FBE1B85BA4000FE5705 /* in-chinaTests.xctest */,
			);
			name = Products;
			sourceTree = "<group>";
		};
		3CD74FA71B85BA4000FE5705 /* in-china */ = {
			isa = PBXGroup;
			children = (
				3C814FAA1B85BEA500E30055 /* macro */,
				3C814FAB1B85BEA500E30055 /* models */,
				3C814FAC1B85BEA500E30055 /* views */,
				3C814FB21B85CAF200E30055 /* controllers */,
				3CD74FAC1B85BA4000FE5705 /* AppDelegate.h */,
				3CD74FAD1B85BA4000FE5705 /* AppDelegate.m */,
				3CD74FB21B85BA4000FE5705 /* Main.storyboard */,
				3CD74FB51B85BA4000FE5705 /* Images.xcassets */,
				3CD74FB71B85BA4000FE5705 /* LaunchScreen.xib */,
				3CD74FA81B85BA4000FE5705 /* Supporting Files */,
			);
			path = "in-china";
			sourceTree = "<group>";
		};
		3CD74FA81B85BA4000FE5705 /* Supporting Files */ = {
			isa = PBXGroup;
			children = (
				3CD74FA91B85BA4000FE5705 /* Info.plist */,
				3CD74FAA1B85BA4000FE5705 /* main.m */,
			);
			name = "Supporting Files";
			sourceTree = "<group>";
		};
		3CD74FC11B85BA4000FE5705 /* in-chinaTests */ = {
			isa = PBXGroup;
			children = (
				3CD74FC41B85BA4000FE5705 /* in_chinaTests.m */,
				3CD74FC21B85BA4000FE5705 /* Supporting Files */,
			);
			path = "in-chinaTests";
			sourceTree = "<group>";
		};
		3CD74FC21B85BA4000FE5705 /* Supporting Files */ = {
			isa = PBXGroup;
			children = (
				3CD74FC31B85BA4000FE5705 /* Info.plist */,
			);
			name = "Supporting Files";
			sourceTree = "<group>";
		};
		4346369EDC7725BD1676E6AA /* Frameworks */ = {
			isa = PBXGroup;
			children = (
				3C814FB01B85CA5500E30055 /* MapKit.framework */,
				1AE9FE3159E536A61F8A18B6 /* Pods.framework */,
			);
			name = Frameworks;
			sourceTree = "<group>";
		};
		998A19365DBD7CA3EBF8704B /* Pods */ = {
			isa = PBXGroup;
			children = (
				DAB264BFDF12473016B9A321 /* Pods.debug.xcconfig */,
				50BB9084B0A64226A225F8DA /* Pods.release.xcconfig */,
			);
			name = Pods;
			sourceTree = "<group>";
		};
/* End PBXGroup section */

/* Begin PBXNativeTarget section */
		3CD74FA41B85BA4000FE5705 /* in-china */ = {
			isa = PBXNativeTarget;
			buildConfigurationList = 3CD74FC81B85BA4000FE5705 /* Build configuration list for PBXNativeTarget "in-china" */;
			buildPhases = (
				6BBC6BEC5A2590C650942491 /* Check Pods Manifest.lock */,
				3CD74FA11B85BA4000FE5705 /* Sources */,
				3CD74FA21B85BA4000FE5705 /* Frameworks */,
				3CD74FA31B85BA4000FE5705 /* Resources */,
				0B8D480B3A4D3EC34D0A7A97 /* Embed Pods Frameworks */,
				C6EE24E853B2D2F6712185DF /* Copy Pods Resources */,
			);
			buildRules = (
			);
			dependencies = (
			);
			name = "in-china";
			productName = "in-china";
			productReference = 3CD74FA51B85BA4000FE5705 /* in-china.app */;
			productType = "com.apple.product-type.application";
		};
		3CD74FBD1B85BA4000FE5705 /* in-chinaTests */ = {
			isa = PBXNativeTarget;
			buildConfigurationList = 3CD74FCB1B85BA4000FE5705 /* Build configuration list for PBXNativeTarget "in-chinaTests" */;
			buildPhases = (
				3CD74FBA1B85BA4000FE5705 /* Sources */,
				3CD74FBB1B85BA4000FE5705 /* Frameworks */,
				3CD74FBC1B85BA4000FE5705 /* Resources */,
			);
			buildRules = (
			);
			dependencies = (
				3CD74FC01B85BA4000FE5705 /* PBXTargetDependency */,
			);
			name = "in-chinaTests";
			productName = "in-chinaTests";
			productReference = 3CD74FBE1B85BA4000FE5705 /* in-chinaTests.xctest */;
			productType = "com.apple.product-type.bundle.unit-test";
		};
/* End PBXNativeTarget section */

/* Begin PBXProject section */
		3CD74F9D1B85BA4000FE5705 /* Project object */ = {
			isa = PBXProject;
			attributes = {
				LastUpgradeCheck = 0630;
				ORGANIZATIONNAME = Pricing;
				TargetAttributes = {
					3CD74FA41B85BA4000FE5705 = {
						CreatedOnToolsVersion = 6.3.2;
						DevelopmentTeam = C85KQG8PYQ;
						SystemCapabilities = {
							com.apple.Maps.iOS = {
								enabled = 1;
							};
						};
					};
					3CD74FBD1B85BA4000FE5705 = {
						CreatedOnToolsVersion = 6.3.2;
						TestTargetID = 3CD74FA41B85BA4000FE5705;
					};
				};
			};
			buildConfigurationList = 3CD74FA01B85BA4000FE5705 /* Build configuration list for PBXProject "in-china" */;
			compatibilityVersion = "Xcode 3.2";
			developmentRegion = English;
			hasScannedForEncodings = 0;
			knownRegions = (
				en,
				Base,
			);
			mainGroup = 3CD74F9C1B85BA4000FE5705;
			productRefGroup = 3CD74FA61B85BA4000FE5705 /* Products */;
			projectDirPath = "";
			projectRoot = "";
			targets = (
				3CD74FA41B85BA4000FE5705 /* in-china */,
				3CD74FBD1B85BA4000FE5705 /* in-chinaTests */,
			);
		};
/* End PBXProject section */

/* Begin PBXResourcesBuildPhase section */
		3CD74FA31B85BA4000FE5705 /* Resources */ = {
			isa = PBXResourcesBuildPhase;
			buildActionMask = 2147483647;
			files = (
				3CD74FB41B85BA4000FE5705 /* Main.storyboard in Resources */,
				3CD74FB91B85BA4000FE5705 /* LaunchScreen.xib in Resources */,
				3CD74FB61B85BA4000FE5705 /* Images.xcassets in Resources */,
			);
			runOnlyForDeploymentPostprocessing = 0;
		};
		3CD74FBC1B85BA4000FE5705 /* Resources */ = {
			isa = PBXResourcesBuildPhase;
			buildActionMask = 2147483647;
			files = (
			);
			runOnlyForDeploymentPostprocessing = 0;
		};
/* End PBXResourcesBuildPhase section */

/* Begin PBXShellScriptBuildPhase section */
		0B8D480B3A4D3EC34D0A7A97 /* Embed Pods Frameworks */ = {
			isa = PBXShellScriptBuildPhase;
			buildActionMask = 2147483647;
			files = (
			);
			inputPaths = (
			);
			name = "Embed Pods Frameworks";
			outputPaths = (
			);
			runOnlyForDeploymentPostprocessing = 0;
			shellPath = /bin/sh;
			shellScript = "\"${SRCROOT}/Pods/Target Support Files/Pods/Pods-frameworks.sh\"\n";
			showEnvVarsInLog = 0;
		};
		6BBC6BEC5A2590C650942491 /* Check Pods Manifest.lock */ = {
			isa = PBXShellScriptBuildPhase;
			buildActionMask = 2147483647;
			files = (
			);
			inputPaths = (
			);
			name = "Check Pods Manifest.lock";
			outputPaths = (
			);
			runOnlyForDeploymentPostprocessing = 0;
			shellPath = /bin/sh;
			shellScript = "diff \"${PODS_ROOT}/../Podfile.lock\" \"${PODS_ROOT}/Manifest.lock\" > /dev/null\nif [[ $? != 0 ]] ; then\n    cat << EOM\nerror: The sandbox is not in sync with the Podfile.lock. Run 'pod install' or update your CocoaPods installation.\nEOM\n    exit 1\nfi\n";
			showEnvVarsInLog = 0;
		};
		C6EE24E853B2D2F6712185DF /* Copy Pods Resources */ = {
			isa = PBXShellScriptBuildPhase;
			buildActionMask = 2147483647;
			files = (
			);
			inputPaths = (
			);
			name = "Copy Pods Resources";
			outputPaths = (
			);
			runOnlyForDeploymentPostprocessing = 0;
			shellPath = /bin/sh;
			shellScript = "\"${SRCROOT}/Pods/Target Support Files/Pods/Pods-resources.sh\"\n";
			showEnvVarsInLog = 0;
		};
/* End PBXShellScriptBuildPhase section */

/* Begin PBXSourcesBuildPhase section */
		3CD74FA11B85BA4000FE5705 /* Sources */ = {
			isa = PBXSourcesBuildPhase;
			buildActionMask = 2147483647;
			files = (
				3C814FB51B85CB4E00E30055 /* MapViewController.m in Sources */,
				3CD74FAE1B85BA4000FE5705 /* AppDelegate.m in Sources */,
				3C814FB81B85CBE800E30055 /* LocationMapView.m in Sources */,
				3CD74FAB1B85BA4000FE5705 /* main.m in Sources */,
			);
			runOnlyForDeploymentPostprocessing = 0;
		};
		3CD74FBA1B85BA4000FE5705 /* Sources */ = {
			isa = PBXSourcesBuildPhase;
			buildActionMask = 2147483647;
			files = (
				3CD74FC51B85BA4000FE5705 /* in_chinaTests.m in Sources */,
			);
			runOnlyForDeploymentPostprocessing = 0;
		};
/* End PBXSourcesBuildPhase section */

/* Begin PBXTargetDependency section */
		3CD74FC01B85BA4000FE5705 /* PBXTargetDependency */ = {
			isa = PBXTargetDependency;
			target = 3CD74FA41B85BA4000FE5705 /* in-china */;
			targetProxy = 3CD74FBF1B85BA4000FE5705 /* PBXContainerItemProxy */;
		};
/* End PBXTargetDependency section */

/* Begin PBXVariantGroup section */
		3CD74FB21B85BA4000FE5705 /* Main.storyboard */ = {
			isa = PBXVariantGroup;
			children = (
				3CD74FB31B85BA4000FE5705 /* Base */,
			);
			name = Main.storyboard;
			sourceTree = "<group>";
		};
		3CD74FB71B85BA4000FE5705 /* LaunchScreen.xib */ = {
			isa = PBXVariantGroup;
			children = (
				3CD74FB81B85BA4000FE5705 /* Base */,
			);
			name = LaunchScreen.xib;
			sourceTree = "<group>";
		};
/* End PBXVariantGroup section */

/* Begin XCBuildConfiguration section */
		3CD74FC61B85BA4000FE5705 /* Debug */ = {
			isa = XCBuildConfiguration;
			buildSettings = {
				ALWAYS_SEARCH_USER_PATHS = NO;
				CLANG_CXX_LANGUAGE_STANDARD = "gnu++0x";
				CLANG_CXX_LIBRARY = "libc++";
				CLANG_ENABLE_MODULES = YES;
				CLANG_ENABLE_OBJC_ARC = YES;
				CLANG_WARN_BOOL_CONVERSION = YES;
				CLANG_WARN_CONSTANT_CONVERSION = YES;
				CLANG_WARN_DIRECT_OBJC_ISA_USAGE = YES_ERROR;
				CLANG_WARN_EMPTY_BODY = YES;
				CLANG_WARN_ENUM_CONVERSION = YES;
				CLANG_WARN_INT_CONVERSION = YES;
				CLANG_WARN_OBJC_ROOT_CLASS = YES_ERROR;
				CLANG_WARN_UNREACHABLE_CODE = YES;
				CLANG_WARN__DUPLICATE_METHOD_MATCH = YES;
				"CODE_SIGN_IDENTITY[sdk=iphoneos*]" = "iPhone Developer";
				COPY_PHASE_STRIP = NO;
				DEBUG_INFORMATION_FORMAT = "dwarf-with-dsym";
				ENABLE_STRICT_OBJC_MSGSEND = YES;
				GCC_C_LANGUAGE_STANDARD = gnu99;
				GCC_DYNAMIC_NO_PIC = NO;
				GCC_NO_COMMON_BLOCKS = YES;
				GCC_OPTIMIZATION_LEVEL = 0;
				GCC_PREPROCESSOR_DEFINITIONS = (
					"DEBUG=1",
					"$(inherited)",
				);
				GCC_SYMBOLS_PRIVATE_EXTERN = NO;
				GCC_WARN_64_TO_32_BIT_CONVERSION = YES;
				GCC_WARN_ABOUT_RETURN_TYPE = YES_ERROR;
				GCC_WARN_UNDECLARED_SELECTOR = YES;
				GCC_WARN_UNINITIALIZED_AUTOS = YES_AGGRESSIVE;
				GCC_WARN_UNUSED_FUNCTION = YES;
				GCC_WARN_UNUSED_VARIABLE = YES;
				IPHONEOS_DEPLOYMENT_TARGET = 8.3;
				MTL_ENABLE_DEBUG_INFO = YES;
				ONLY_ACTIVE_ARCH = YES;
				SDKROOT = iphoneos;
			};
			name = Debug;
		};
		3CD74FC71B85BA4000FE5705 /* Release */ = {
			isa = XCBuildConfiguration;
			buildSettings = {
				ALWAYS_SEARCH_USER_PATHS = NO;
				CLANG_CXX_LANGUAGE_STANDARD = "gnu++0x";
				CLANG_CXX_LIBRARY = "libc++";
				CLANG_ENABLE_MODULES = YES;
				CLANG_ENABLE_OBJC_ARC = YES;
				CLANG_WARN_BOOL_CONVERSION = YES;
				CLANG_WARN_CONSTANT_CONVERSION = YES;
				CLANG_WARN_DIRECT_OBJC_ISA_USAGE = YES_ERROR;
				CLANG_WARN_EMPTY_BODY = YES;
				CLANG_WARN_ENUM_CONVERSION = YES;
				CLANG_WARN_INT_CONVERSION = YES;
				CLANG_WARN_OBJC_ROOT_CLASS = YES_ERROR;
				CLANG_WARN_UNREACHABLE_CODE = YES;
				CLANG_WARN__DUPLICATE_METHOD_MATCH = YES;
				"CODE_SIGN_IDENTITY[sdk=iphoneos*]" = "iPhone Developer";
				COPY_PHASE_STRIP = NO;
				DEBUG_INFORMATION_FORMAT = "dwarf-with-dsym";
				ENABLE_NS_ASSERTIONS = NO;
				ENABLE_STRICT_OBJC_MSGSEND = YES;
				GCC_C_LANGUAGE_STANDARD = gnu99;
				GCC_NO_COMMON_BLOCKS = YES;
				GCC_WARN_64_TO_32_BIT_CONVERSION = YES;
				GCC_WARN_ABOUT_RETURN_TYPE = YES_ERROR;
				GCC_WARN_UNDECLARED_SELECTOR = YES;
				GCC_WARN_UNINITIALIZED_AUTOS = YES_AGGRESSIVE;
				GCC_WARN_UNUSED_FUNCTION = YES;
				GCC_WARN_UNUSED_VARIABLE = YES;
				IPHONEOS_DEPLOYMENT_TARGET = 8.3;
				MTL_ENABLE_DEBUG_INFO = NO;
				SDKROOT = iphoneos;
				VALIDATE_PRODUCT = YES;
			};
			name = Release;
		};
		3CD74FC91B85BA4000FE5705 /* Debug */ = {
			isa = XCBuildConfiguration;
			baseConfigurationReference = DAB264BFDF12473016B9A321 /* Pods.debug.xcconfig */;
			buildSettings = {
				ASSETCATALOG_COMPILER_APPICON_NAME = AppIcon;
				CODE_SIGN_IDENTITY = "iPhone Developer";
				INFOPLIST_FILE = "in-china/Info.plist";
				LD_RUNPATH_SEARCH_PATHS = "$(inherited) @executable_path/Frameworks";
				PRODUCT_NAME = "$(TARGET_NAME)";
			};
			name = Debug;
		};
		3CD74FCA1B85BA4000FE5705 /* Release */ = {
			isa = XCBuildConfiguration;
			baseConfigurationReference = 50BB9084B0A64226A225F8DA /* Pods.release.xcconfig */;
			buildSettings = {
				ASSETCATALOG_COMPILER_APPICON_NAME = AppIcon;
				CODE_SIGN_IDENTITY = "iPhone Developer";
				INFOPLIST_FILE = "in-china/Info.plist";
				LD_RUNPATH_SEARCH_PATHS = "$(inherited) @executable_path/Frameworks";
				PRODUCT_NAME = "$(TARGET_NAME)";
			};
			name = Release;
		};
		3CD74FCC1B85BA4000FE5705 /* Debug */ = {
			isa = XCBuildConfiguration;
			buildSettings = {
				BUNDLE_LOADER = "$(TEST_HOST)";
				FRAMEWORK_SEARCH_PATHS = (
					"$(SDKROOT)/Developer/Library/Frameworks",
					"$(inherited)",
				);
				GCC_PREPROCESSOR_DEFINITIONS = (
					"DEBUG=1",
					"$(inherited)",
				);
				INFOPLIST_FILE = "in-chinaTests/Info.plist";
				LD_RUNPATH_SEARCH_PATHS = "$(inherited) @executable_path/Frameworks @loader_path/Frameworks";
				PRODUCT_NAME = "$(TARGET_NAME)";
				TEST_HOST = "$(BUILT_PRODUCTS_DIR)/in-china.app/in-china";
			};
			name = Debug;
		};
		3CD74FCD1B85BA4000FE5705 /* Release */ = {
			isa = XCBuildConfiguration;
			buildSettings = {
				BUNDLE_LOADER = "$(TEST_HOST)";
				FRAMEWORK_SEARCH_PATHS = (
					"$(SDKROOT)/Developer/Library/Frameworks",
					"$(inherited)",
				);
				INFOPLIST_FILE = "in-chinaTests/Info.plist";
				LD_RUNPATH_SEARCH_PATHS = "$(inherited) @executable_path/Frameworks @loader_path/Frameworks";
				PRODUCT_NAME = "$(TARGET_NAME)";
				TEST_HOST = "$(BUILT_PRODUCTS_DIR)/in-china.app/in-china";
			};
			name = Release;
		};
/* End XCBuildConfiguration section */

/* Begin XCConfigurationList section */
		3CD74FA01B85BA4000FE5705 /* Build configuration list for PBXProject "in-china" */ = {
			isa = XCConfigurationList;
			buildConfigurations = (
				3CD74FC61B85BA4000FE5705 /* Debug */,
				3CD74FC71B85BA4000FE5705 /* Release */,
			);
			defaultConfigurationIsVisible = 0;
			defaultConfigurationName = Release;
		};
		3CD74FC81B85BA4000FE5705 /* Build configuration list for PBXNativeTarget "in-china" */ = {
			isa = XCConfigurationList;
			buildConfigurations = (
				3CD74FC91B85BA4000FE5705 /* Debug */,
				3CD74FCA1B85BA4000FE5705 /* Release */,
			);
			defaultConfigurationIsVisible = 0;
			defaultConfigurationName = Release;
		};
		3CD74FCB1B85BA4000FE5705 /* Build configuration list for PBXNativeTarget "in-chinaTests" */ = {
			isa = XCConfigurationList;
			buildConfigurations = (
				3CD74FCC1B85BA4000FE5705 /* Debug */,
				3CD74FCD1B85BA4000FE5705 /* Release */,
			);
			defaultConfigurationIsVisible = 0;
			defaultConfigurationName = Release;
		};
/* End XCConfigurationList section */
	};
	rootObject = 3CD74F9D1B85BA4000FE5705 /* Project object */;
}
